
Microsoft Visual Studio Solution File, Format Version 12.00
# Visual Studio Version 17
VisualStudioVersion = 17.5.002.0
MinimumVisualStudioVersion = 10.0.40219.1
Project("{9A19103F-16F7-4668-BE54-9A1E7A4F7556}") = "Final", "Final\Final.csproj", "{72CA396F-E4EE-44BA-860F-BB02CFABE183}"
EndProject
Project("{9A19103F-16F7-4668-BE54-9A1E7A4F7556}") = "Starter", "Starter\Starter.csproj", "{B2EAE260-E950-45B1-BD55-370ECDEAE8D1}"
EndProject
Global
	GlobalSection(SolutionConfigurationPlatforms) = preSolution
		Debug|Any CPU = Debug|Any CPU
		Release|Any CPU = Release|Any CPU
	EndGlobalSection
	GlobalSection(ProjectConfigurationPlatforms) = postSolution
		{72CA396F-E4EE-44BA-860F-BB02CFABE183}.Debug|Any CPU.ActiveCfg = Debug|Any CPU
		{72CA396F-E4EE-44BA-860F-BB02CFABE183}.Debug|Any CPU.Build.0 = Debug|Any CPU
		{72CA396F-E4EE-44BA-860F-BB02CFABE183}.Release|Any CPU.ActiveCfg = Release|Any CPU
		{72CA396F-E4EE-44BA-860F-BB02CFABE183}.Release|Any CPU.Build.0 = Release|Any CPU
		{B2EAE260-E950-45B1-BD55-370ECDEAE8D1}.Debug|Any CPU.ActiveCfg = Debug|Any CPU
		{B2EAE260-E950-45B1-BD55-370ECDEAE8D1}.Debug|Any CPU.Build.0 = Debug|Any CPU
		{B2EAE260-E950-45B1-BD55-370ECDEAE8D1}.Release|Any CPU.ActiveCfg = Release|Any CPU
		{B2EAE260-E950-45B1-BD55-370ECDEAE8D1}.Release|Any CPU.Build.0 = Release|Any CPU
	EndGlobalSection
	GlobalSection(SolutionProperties) = preSolution
		HideSolutionNode = FALSE
	EndGlobalSection
	GlobalSection(ExtensibilityGlobals) = postSolution
		SolutionGuid = {DCA29BDC-FF48-424C-A9A2-A8BCE018CBC9}
	EndGlobalSection
EndGlobal
